
Microsoft Visual Studio Solution File, Format Version 12.00
# Visual Studio Version 16
VisualStudioVersion = 16.0.32510.428
MinimumVisualStudioVersion = 10.0.40219.1
Project("{2150E333-8FDC-42A3-9474-1A3956D46DE8}") = "src", "src", "{B3A13CB0-125B-439B-87E1-BB3B197DFA70}"
EndProject
Project("{2150E333-8FDC-42A3-9474-1A3956D46DE8}") = "Services", "Services", "{25ED4FE3-0447-4946-A74D-7684B45149EC}"
EndProject
Project("{2150E333-8FDC-42A3-9474-1A3956D46DE8}") = "Building Blocks", "Building Blocks", "{5CB1A69B-7E0E-402A-9112-BF55464FC3BA}"
EndProject
Project("{2150E333-8FDC-42A3-9474-1A3956D46DE8}") = "Web", "Web", "{415E6B92-712B-4838-823A-C971B6AF7EC7}"
EndProject
Project("{2150E333-8FDC-42A3-9474-1A3956D46DE8}") = "Identidade", "Identidade", "{B85DE2ED-C694-435A-AF01-738D244B2160}"
EndProject
Project("{9A19103F-16F7-4668-BE54-9A1E7A4F7556}") = "NSE.Identidade.API", "src\services\NSE.Identidade.API\NSE.Identidade.API.csproj", "{468CEA67-DFE2-42E2-9890-B3B76B6C4E4A}"
EndProject
Project("{2150E333-8FDC-42A3-9474-1A3956D46DE8}") = "MVC", "MVC", "{D43B7A7F-3B45-4DCA-847C-D469F67D5775}"
EndProject
Project("{9A19103F-16F7-4668-BE54-9A1E7A4F7556}") = "NSE.WebApp.MVC", "src\web\NSE.WebApp.MVC\NSE.WebApp.MVC.csproj", "{D37CF43D-C08C-4452-97CA-2EBF14F4A5DB}"
EndProject
Project("{2150E333-8FDC-42A3-9474-1A3956D46DE8}") = "Core", "Core", "{FCFC003F-EB6A-46C0-9640-F11EFEC6C9F7}"
EndProject
Project("{9A19103F-16F7-4668-BE54-9A1E7A4F7556}") = "NSE.Core", "src\building blocks\NSE.Core\NSE.Core.csproj", "{3B2DB9B1-D165-4F52-A0A4-7249EBE05EA5}"
EndProject
Project("{2150E333-8FDC-42A3-9474-1A3956D46DE8}") = "Carrinho", "Carrinho", "{4786EBB5-A73B-4B63-9E05-99A172B807BD}"
EndProject
Project("{2150E333-8FDC-42A3-9474-1A3956D46DE8}") = "Catalogo", "Catalogo", "{3D0A6D3C-7FE9-4EEE-92E0-798488AEA969}"
EndProject
Project("{2150E333-8FDC-42A3-9474-1A3956D46DE8}") = "Pagamento", "Pagamento", "{27CEAC02-54C3-4B47-B5DB-4A9AF80D6306}"
EndProject
Project("{2150E333-8FDC-42A3-9474-1A3956D46DE8}") = "Pedido", "Pedido", "{66961D05-746B-4ABC-979C-126D64025C5B}"
EndProject
Project("{2150E333-8FDC-42A3-9474-1A3956D46DE8}") = "Cliente", "Cliente", "{40A7CF80-C3AC-45D6-9679-134C6C65C240}"
EndProject
Project("{9A19103F-16F7-4668-BE54-9A1E7A4F7556}") = "NSE.Carrinho.Api", "src\services\NSE.Carrinho.Api\NSE.Carrinho.Api.csproj", "{E8F2073A-85B7-4554-9D7D-98498FCE5D65}"
EndProject
Project("{9A19103F-16F7-4668-BE54-9A1E7A4F7556}") = "NSE.Catalogo.API", "src\services\NSE.Catalogo.API\NSE.Catalogo.API.csproj", "{221CC51D-9F24-4056-BEA0-98B769ED5C7F}"
EndProject
Project("{9A19103F-16F7-4668-BE54-9A1E7A4F7556}") = "NSE.Cliente.API", "src\services\NSE.Cliente.API\NSE.Cliente.API.csproj", "{D6FF2576-082B-4605-A6CD-021592092D92}"
EndProject
Project("{9A19103F-16F7-4668-BE54-9A1E7A4F7556}") = "NSE.Pagamento.API", "src\services\NSE.Pagamento.API\NSE.Pagamento.API.csproj", "{EFB039F8-DC65-4AF3-B42C-9EA575CFA217}"
EndProject
Project("{9A19103F-16F7-4668-BE54-9A1E7A4F7556}") = "NSE.Pedido.API", "src\services\NSE.Pedido.API\NSE.Pedido.API.csproj", "{79036011-9808-4664-95C6-498B2E399AB0}"
EndProject
Global
	GlobalSection(SolutionConfigurationPlatforms) = preSolution
		Debug|Any CPU = Debug|Any CPU
		Release|Any CPU = Release|Any CPU
	EndGlobalSection
	GlobalSection(ProjectConfigurationPlatforms) = postSolution
		{468CEA67-DFE2-42E2-9890-B3B76B6C4E4A}.Debug|Any CPU.ActiveCfg = Debug|Any CPU
		{468CEA67-DFE2-42E2-9890-B3B76B6C4E4A}.Debug|Any CPU.Build.0 = Debug|Any CPU
		{468CEA67-DFE2-42E2-9890-B3B76B6C4E4A}.Release|Any CPU.ActiveCfg = Release|Any CPU
		{468CEA67-DFE2-42E2-9890-B3B76B6C4E4A}.Release|Any CPU.Build.0 = Release|Any CPU
		{D37CF43D-C08C-4452-97CA-2EBF14F4A5DB}.Debug|Any CPU.ActiveCfg = Debug|Any CPU
		{D37CF43D-C08C-4452-97CA-2EBF14F4A5DB}.Debug|Any CPU.Build.0 = Debug|Any CPU
		{D37CF43D-C08C-4452-97CA-2EBF14F4A5DB}.Release|Any CPU.ActiveCfg = Release|Any CPU
		{D37CF43D-C08C-4452-97CA-2EBF14F4A5DB}.Release|Any CPU.Build.0 = Release|Any CPU
		{3B2DB9B1-D165-4F52-A0A4-7249EBE05EA5}.Debug|Any CPU.ActiveCfg = Debug|Any CPU
		{3B2DB9B1-D165-4F52-A0A4-7249EBE05EA5}.Debug|Any CPU.Build.0 = Debug|Any CPU
		{3B2DB9B1-D165-4F52-A0A4-7249EBE05EA5}.Release|Any CPU.ActiveCfg = Release|Any CPU
		{3B2DB9B1-D165-4F52-A0A4-7249EBE05EA5}.Release|Any CPU.Build.0 = Release|Any CPU
		{E8F2073A-85B7-4554-9D7D-98498FCE5D65}.Debug|Any CPU.ActiveCfg = Debug|Any CPU
		{E8F2073A-85B7-4554-9D7D-98498FCE5D65}.Debug|Any CPU.Build.0 = Debug|Any CPU
		{E8F2073A-85B7-4554-9D7D-98498FCE5D65}.Release|Any CPU.ActiveCfg = Release|Any CPU
		{E8F2073A-85B7-4554-9D7D-98498FCE5D65}.Release|Any CPU.Build.0 = Release|Any CPU
		{221CC51D-9F24-4056-BEA0-98B769ED5C7F}.Debug|Any CPU.ActiveCfg = Debug|Any CPU
		{221CC51D-9F24-4056-BEA0-98B769ED5C7F}.Debug|Any CPU.Build.0 = Debug|Any CPU
		{221CC51D-9F24-4056-BEA0-98B769ED5C7F}.Release|Any CPU.ActiveCfg = Release|Any CPU
		{221CC51D-9F24-4056-BEA0-98B769ED5C7F}.Release|Any CPU.Build.0 = Release|Any CPU
		{D6FF2576-082B-4605-A6CD-021592092D92}.Debug|Any CPU.ActiveCfg = Debug|Any CPU
		{D6FF2576-082B-4605-A6CD-021592092D92}.Debug|Any CPU.Build.0 = Debug|Any CPU
		{D6FF2576-082B-4605-A6CD-021592092D92}.Release|Any CPU.ActiveCfg = Release|Any CPU
		{D6FF2576-082B-4605-A6CD-021592092D92}.Release|Any CPU.Build.0 = Release|Any CPU
		{EFB039F8-DC65-4AF3-B42C-9EA575CFA217}.Debug|Any CPU.ActiveCfg = Debug|Any CPU
		{EFB039F8-DC65-4AF3-B42C-9EA575CFA217}.Debug|Any CPU.Build.0 = Debug|Any CPU
		{EFB039F8-DC65-4AF3-B42C-9EA575CFA217}.Release|Any CPU.ActiveCfg = Release|Any CPU
		{EFB039F8-DC65-4AF3-B42C-9EA575CFA217}.Release|Any CPU.Build.0 = Release|Any CPU
		{79036011-9808-4664-95C6-498B2E399AB0}.Debug|Any CPU.ActiveCfg = Debug|Any CPU
		{79036011-9808-4664-95C6-498B2E399AB0}.Debug|Any CPU.Build.0 = Debug|Any CPU
		{79036011-9808-4664-95C6-498B2E399AB0}.Release|Any CPU.ActiveCfg = Release|Any CPU
		{79036011-9808-4664-95C6-498B2E399AB0}.Release|Any CPU.Build.0 = Release|Any CPU
	EndGlobalSection
	GlobalSection(SolutionProperties) = preSolution
		HideSolutionNode = FALSE
	EndGlobalSection
	GlobalSection(NestedProjects) = preSolution
		{25ED4FE3-0447-4946-A74D-7684B45149EC} = {B3A13CB0-125B-439B-87E1-BB3B197DFA70}
		{5CB1A69B-7E0E-402A-9112-BF55464FC3BA} = {B3A13CB0-125B-439B-87E1-BB3B197DFA70}
		{415E6B92-712B-4838-823A-C971B6AF7EC7} = {B3A13CB0-125B-439B-87E1-BB3B197DFA70}
		{B85DE2ED-C694-435A-AF01-738D244B2160} = {25ED4FE3-0447-4946-A74D-7684B45149EC}
		{468CEA67-DFE2-42E2-9890-B3B76B6C4E4A} = {B85DE2ED-C694-435A-AF01-738D244B2160}
		{D43B7A7F-3B45-4DCA-847C-D469F67D5775} = {415E6B92-712B-4838-823A-C971B6AF7EC7}
		{D37CF43D-C08C-4452-97CA-2EBF14F4A5DB} = {D43B7A7F-3B45-4DCA-847C-D469F67D5775}
		{FCFC003F-EB6A-46C0-9640-F11EFEC6C9F7} = {5CB1A69B-7E0E-402A-9112-BF55464FC3BA}
		{3B2DB9B1-D165-4F52-A0A4-7249EBE05EA5} = {FCFC003F-EB6A-46C0-9640-F11EFEC6C9F7}
		{4786EBB5-A73B-4B63-9E05-99A172B807BD} = {25ED4FE3-0447-4946-A74D-7684B45149EC}
		{3D0A6D3C-7FE9-4EEE-92E0-798488AEA969} = {25ED4FE3-0447-4946-A74D-7684B45149EC}
		{27CEAC02-54C3-4B47-B5DB-4A9AF80D6306} = {25ED4FE3-0447-4946-A74D-7684B45149EC}
		{66961D05-746B-4ABC-979C-126D64025C5B} = {25ED4FE3-0447-4946-A74D-7684B45149EC}
		{40A7CF80-C3AC-45D6-9679-134C6C65C240} = {25ED4FE3-0447-4946-A74D-7684B45149EC}
		{E8F2073A-85B7-4554-9D7D-98498FCE5D65} = {4786EBB5-A73B-4B63-9E05-99A172B807BD}
		{221CC51D-9F24-4056-BEA0-98B769ED5C7F} = {3D0A6D3C-7FE9-4EEE-92E0-798488AEA969}
		{D6FF2576-082B-4605-A6CD-021592092D92} = {40A7CF80-C3AC-45D6-9679-134C6C65C240}
		{EFB039F8-DC65-4AF3-B42C-9EA575CFA217} = {27CEAC02-54C3-4B47-B5DB-4A9AF80D6306}
		{79036011-9808-4664-95C6-498B2E399AB0} = {66961D05-746B-4ABC-979C-126D64025C5B}
	EndGlobalSection
	GlobalSection(ExtensibilityGlobals) = postSolution
		SolutionGuid = {AFF0193C-6E28-487B-B67B-EDD172C918B0}
	EndGlobalSection
EndGlobal
